
Microsoft Visual Studio Solution File, Format Version 12.00
# Visual Studio 15
VisualStudioVersion = 15.0.27004.2005
MinimumVisualStudioVersion = 10.0.40219.1
Project("{FAE04EC0-301F-11D3-BF4B-00C04F79EFBC}") = "ViewEngine.Core", "ViewEngine.Core\ViewEngine.Core.csproj", "{804D8E99-B393-4CFD-A7B9-F767CB331788}"
EndProject
Project("{FAE04EC0-301F-11D3-BF4B-00C04F79EFBC}") = "ViewEngine.Runtime", "ViewEngine.Runtime\ViewEngine.Runtime.csproj", "{FEFB0A5B-8CF6-4BE7-AA7A-F3C31013AA4C}"
EndProject
Project("{FAE04EC0-301F-11D3-BF4B-00C04F79EFBC}") = "ViewEngine.Example", "ViewEngine.Example\ViewEngine.Example.csproj", "{2334429A-BD47-4945-96E4-842CAE12ED9F}"
EndProject
Global
	GlobalSection(SolutionConfigurationPlatforms) = preSolution
		Debug|Any CPU = Debug|Any CPU
		Release|Any CPU = Release|Any CPU
	EndGlobalSection
	GlobalSection(ProjectConfigurationPlatforms) = postSolution
		{804D8E99-B393-4CFD-A7B9-F767CB331788}.Debug|Any CPU.ActiveCfg = Debug|Any CPU
		{804D8E99-B393-4CFD-A7B9-F767CB331788}.Debug|Any CPU.Build.0 = Debug|Any CPU
		{804D8E99-B393-4CFD-A7B9-F767CB331788}.Release|Any CPU.ActiveCfg = Release|Any CPU
		{804D8E99-B393-4CFD-A7B9-F767CB331788}.Release|Any CPU.Build.0 = Release|Any CPU
		{FEFB0A5B-8CF6-4BE7-AA7A-F3C31013AA4C}.Debug|Any CPU.ActiveCfg = Debug|Any CPU
		{FEFB0A5B-8CF6-4BE7-AA7A-F3C31013AA4C}.Debug|Any CPU.Build.0 = Debug|Any CPU
		{FEFB0A5B-8CF6-4BE7-AA7A-F3C31013AA4C}.Release|Any CPU.ActiveCfg = Release|Any CPU
		{FEFB0A5B-8CF6-4BE7-AA7A-F3C31013AA4C}.Release|Any CPU.Build.0 = Release|Any CPU
		{2334429A-BD47-4945-96E4-842CAE12ED9F}.Debug|Any CPU.ActiveCfg = Debug|Any CPU
		{2334429A-BD47-4945-96E4-842CAE12ED9F}.Debug|Any CPU.Build.0 = Debug|Any CPU
		{2334429A-BD47-4945-96E4-842CAE12ED9F}.Release|Any CPU.ActiveCfg = Release|Any CPU
		{2334429A-BD47-4945-96E4-842CAE12ED9F}.Release|Any CPU.Build.0 = Release|Any CPU
	EndGlobalSection
	GlobalSection(SolutionProperties) = preSolution
		HideSolutionNode = FALSE
	EndGlobalSection
	GlobalSection(ExtensibilityGlobals) = postSolution
		SolutionGuid = {DFD27B14-42D8-4078-ACE1-91E3EF857655}
	EndGlobalSection
EndGlobal
