
Microsoft Visual Studio Solution File, Format Version 12.00
# Visual Studio 15
VisualStudioVersion = 15.0.27004.2005
MinimumVisualStudioVersion = 10.0.40219.1
Project("{FAE04EC0-301F-11D3-BF4B-00C04F79EFBC}") = "ViewEngine.Core", "ViewEngine.Core.csproj", "{45446F4A-03FB-4BDE-8AE2-C5CC7B0CCC2E}"
EndProject
Global
	GlobalSection(SolutionConfigurationPlatforms) = preSolution
		Debug|Any CPU = Debug|Any CPU
		Release|Any CPU = Release|Any CPU
	EndGlobalSection
	GlobalSection(ProjectConfigurationPlatforms) = postSolution
		{45446F4A-03FB-4BDE-8AE2-C5CC7B0CCC2E}.Debug|Any CPU.ActiveCfg = Debug|Any CPU
		{45446F4A-03FB-4BDE-8AE2-C5CC7B0CCC2E}.Debug|Any CPU.Build.0 = Debug|Any CPU
		{45446F4A-03FB-4BDE-8AE2-C5CC7B0CCC2E}.Release|Any CPU.ActiveCfg = Release|Any CPU
		{45446F4A-03FB-4BDE-8AE2-C5CC7B0CCC2E}.Release|Any CPU.Build.0 = Release|Any CPU
	EndGlobalSection
	GlobalSection(SolutionProperties) = preSolution
		HideSolutionNode = FALSE
	EndGlobalSection
	GlobalSection(ExtensibilityGlobals) = postSolution
		SolutionGuid = {8FB1F6F4-ECB6-468E-AF73-F2522F85A4D0}
	EndGlobalSection
EndGlobal
